
Microsoft Visual Studio Solution File, Format Version 11.00
# Visual Studio 2010
Project("{FAE04EC0-301F-11D3-BF4B-00C04F79EFBC}") = "TwitterTiles", "TwitterTiles\TwitterTiles.csproj", "{ABC4E6D2-6F9F-4EEA-AFE3-623F1B8D0207}"
EndProject
Global
	GlobalSection(SolutionConfigurationPlatforms) = preSolution
		Debug|Any CPU = Debug|Any CPU
		Release|Any CPU = Release|Any CPU
	EndGlobalSection
	GlobalSection(ProjectConfigurationPlatforms) = postSolution
		{ABC4E6D2-6F9F-4EEA-AFE3-623F1B8D0207}.Debug|Any CPU.ActiveCfg = Debug|Any CPU
		{ABC4E6D2-6F9F-4EEA-AFE3-623F1B8D0207}.Debug|Any CPU.Build.0 = Debug|Any CPU
		{ABC4E6D2-6F9F-4EEA-AFE3-623F1B8D0207}.Release|Any CPU.ActiveCfg = Release|Any CPU
		{ABC4E6D2-6F9F-4EEA-AFE3-623F1B8D0207}.Release|Any CPU.Build.0 = Release|Any CPU
	EndGlobalSection
	GlobalSection(SolutionProperties) = preSolution
		HideSolutionNode = FALSE
	EndGlobalSection
EndGlobal
